{
  "ref": "main",
  "skills": {
    "changelog": "0.9.3",
    "cleanup-repo": "0.4.0",
    "commit": "0.1.2",
    "initialise-skills": "0.10.6",
    "initialise-versioned-repo": "0.1.0",
    "linear-sync": "0.3.3",
    "preflight": "0.2.1",
    "release-status": "0.1.4",
    "send-it": "0.6.1",
    "triage-pr": "0.6.0"
  },
  "source": "https://github.com/acme-skunkworks/agent-skills"
}
